
Microsoft Visual Studio Solution File, Format Version 12.00
# Visual Studio Version 16
VisualStudioVersion = 16.0.30002.166
MinimumVisualStudioVersion = 10.0.40219.1
Project("{FAE04EC0-301F-11D3-BF4B-00C04F79EFBC}") = "ConstructionQualityControl", "ConstructionQualityControl\ConstructionQualityControl.csproj", "{79CA8953-0D4F-4E68-A3A8-73CB8D481411}"
EndProject
Global
	GlobalSection(SolutionConfigurationPlatforms) = preSolution
		Debug|Any CPU = Debug|Any CPU
		Release|Any CPU = Release|Any CPU
	EndGlobalSection
	GlobalSection(ProjectConfigurationPlatforms) = postSolution
		{79CA8953-0D4F-4E68-A3A8-73CB8D481411}.Debug|Any CPU.ActiveCfg = Debug|Any CPU
		{79CA8953-0D4F-4E68-A3A8-73CB8D481411}.Debug|Any CPU.Build.0 = Debug|Any CPU
		{79CA8953-0D4F-4E68-A3A8-73CB8D481411}.Release|Any CPU.ActiveCfg = Release|Any CPU
		{79CA8953-0D4F-4E68-A3A8-73CB8D481411}.Release|Any CPU.Build.0 = Release|Any CPU
	EndGlobalSection
	GlobalSection(SolutionProperties) = preSolution
		HideSolutionNode = FALSE
	EndGlobalSection
	GlobalSection(ExtensibilityGlobals) = postSolution
		SolutionGuid = {7674F21E-D2F5-44B5-8A4A-BF8526648F29}
	EndGlobalSection
EndGlobal
